
Microsoft Visual Studio Solution File, Format Version 12.00
# Visual Studio Version 16
VisualStudioVersion = 16.0.29519.181
MinimumVisualStudioVersion = 10.0.40219.1
Project("{FAE04EC0-301F-11D3-BF4B-00C04F79EFBC}") = "SE_15_UI", "SE_15_UI\SE_15_UI.csproj", "{10B699B6-6CF1-4930-8992-196AF1B6ED0F}"
EndProject
Project("{FAE04EC0-301F-11D3-BF4B-00C04F79EFBC}") = "SE_15_BLL", "SE_15_BLL\SE_15_BLL.csproj", "{C7C4CCAB-B92A-49FE-B51B-2F3E2838CEFC}"
EndProject
Project("{FAE04EC0-301F-11D3-BF4B-00C04F79EFBC}") = "SE_15_DTO", "SE_15_DTO\SE_15_DTO.csproj", "{7C2F516F-8F93-4059-A956-18FB677EE27D}"
EndProject
Global
	GlobalSection(SolutionConfigurationPlatforms) = preSolution
		Debug|Any CPU = Debug|Any CPU
		Release|Any CPU = Release|Any CPU
	EndGlobalSection
	GlobalSection(ProjectConfigurationPlatforms) = postSolution
		{10B699B6-6CF1-4930-8992-196AF1B6ED0F}.Debug|Any CPU.ActiveCfg = Debug|Any CPU
		{10B699B6-6CF1-4930-8992-196AF1B6ED0F}.Debug|Any CPU.Build.0 = Debug|Any CPU
		{10B699B6-6CF1-4930-8992-196AF1B6ED0F}.Release|Any CPU.ActiveCfg = Release|Any CPU
		{10B699B6-6CF1-4930-8992-196AF1B6ED0F}.Release|Any CPU.Build.0 = Release|Any CPU
		{C7C4CCAB-B92A-49FE-B51B-2F3E2838CEFC}.Debug|Any CPU.ActiveCfg = Debug|Any CPU
		{C7C4CCAB-B92A-49FE-B51B-2F3E2838CEFC}.Debug|Any CPU.Build.0 = Debug|Any CPU
		{C7C4CCAB-B92A-49FE-B51B-2F3E2838CEFC}.Release|Any CPU.ActiveCfg = Release|Any CPU
		{C7C4CCAB-B92A-49FE-B51B-2F3E2838CEFC}.Release|Any CPU.Build.0 = Release|Any CPU
		{7C2F516F-8F93-4059-A956-18FB677EE27D}.Debug|Any CPU.ActiveCfg = Debug|Any CPU
		{7C2F516F-8F93-4059-A956-18FB677EE27D}.Debug|Any CPU.Build.0 = Debug|Any CPU
		{7C2F516F-8F93-4059-A956-18FB677EE27D}.Release|Any CPU.ActiveCfg = Release|Any CPU
		{7C2F516F-8F93-4059-A956-18FB677EE27D}.Release|Any CPU.Build.0 = Release|Any CPU
	EndGlobalSection
	GlobalSection(SolutionProperties) = preSolution
		HideSolutionNode = FALSE
	EndGlobalSection
	GlobalSection(ExtensibilityGlobals) = postSolution
		SolutionGuid = {DC5382DF-C2EF-4B10-A449-27DF0078A7A6}
	EndGlobalSection
EndGlobal
