
Microsoft Visual Studio Solution File, Format Version 12.00
# Visual Studio Version 16
VisualStudioVersion = 16.0.29519.181
MinimumVisualStudioVersion = 10.0.40219.1
Project("{FAE04EC0-301F-11D3-BF4B-00C04F79EFBC}") = "SE_15_UI", "SE_15_UI\SE_15_UI.csproj", "{10B699B6-6CF1-4930-8992-196AF1B6ED0F}"
EndProject
Project("{FAE04EC0-301F-11D3-BF4B-00C04F79EFBC}") = "SE_15_BLL", "SE_15_BLL\SE_15_BLL.csproj", "{AA76F076-68A1-411C-A2B2-278771EA8E0E}"
EndProject
Project("{FAE04EC0-301F-11D3-BF4B-00C04F79EFBC}") = "SE_15_DAL", "SE_15_DAL\SE_15_DAL.csproj", "{32202492-B82E-44A2-B838-8527838861E0}"
EndProject
Project("{FAE04EC0-301F-11D3-BF4B-00C04F79EFBC}") = "SE_15_DTO", "SE_15_DTO\SE_15_DTO.csproj", "{C49160D3-F993-4DFE-A067-AD5C3232B627}"
EndProject
Global
	GlobalSection(SolutionConfigurationPlatforms) = preSolution
		Debug|Any CPU = Debug|Any CPU
		Release|Any CPU = Release|Any CPU
	EndGlobalSection
	GlobalSection(ProjectConfigurationPlatforms) = postSolution
		{10B699B6-6CF1-4930-8992-196AF1B6ED0F}.Debug|Any CPU.ActiveCfg = Debug|Any CPU
		{10B699B6-6CF1-4930-8992-196AF1B6ED0F}.Debug|Any CPU.Build.0 = Debug|Any CPU
		{10B699B6-6CF1-4930-8992-196AF1B6ED0F}.Release|Any CPU.ActiveCfg = Release|Any CPU
		{10B699B6-6CF1-4930-8992-196AF1B6ED0F}.Release|Any CPU.Build.0 = Release|Any CPU
		{AA76F076-68A1-411C-A2B2-278771EA8E0E}.Debug|Any CPU.ActiveCfg = Debug|Any CPU
		{AA76F076-68A1-411C-A2B2-278771EA8E0E}.Debug|Any CPU.Build.0 = Debug|Any CPU
		{AA76F076-68A1-411C-A2B2-278771EA8E0E}.Release|Any CPU.ActiveCfg = Release|Any CPU
		{AA76F076-68A1-411C-A2B2-278771EA8E0E}.Release|Any CPU.Build.0 = Release|Any CPU
		{32202492-B82E-44A2-B838-8527838861E0}.Debug|Any CPU.ActiveCfg = Debug|Any CPU
		{32202492-B82E-44A2-B838-8527838861E0}.Debug|Any CPU.Build.0 = Debug|Any CPU
		{32202492-B82E-44A2-B838-8527838861E0}.Release|Any CPU.ActiveCfg = Release|Any CPU
		{32202492-B82E-44A2-B838-8527838861E0}.Release|Any CPU.Build.0 = Release|Any CPU
		{C49160D3-F993-4DFE-A067-AD5C3232B627}.Debug|Any CPU.ActiveCfg = Debug|Any CPU
		{C49160D3-F993-4DFE-A067-AD5C3232B627}.Debug|Any CPU.Build.0 = Debug|Any CPU
		{C49160D3-F993-4DFE-A067-AD5C3232B627}.Release|Any CPU.ActiveCfg = Release|Any CPU
		{C49160D3-F993-4DFE-A067-AD5C3232B627}.Release|Any CPU.Build.0 = Release|Any CPU
	EndGlobalSection
	GlobalSection(SolutionProperties) = preSolution
		HideSolutionNode = FALSE
	EndGlobalSection
	GlobalSection(ExtensibilityGlobals) = postSolution
		SolutionGuid = {DC5382DF-C2EF-4B10-A449-27DF0078A7A6}
	EndGlobalSection
EndGlobal
